<Solution>
  <Folder Name="/services/">
    <Project Path="services/AuthService/AuthService.csproj" />
    <Project Path="services/PatientService/PatientService.csproj" />
    <Project Path="services/QueueService/QueueService.csproj" />
  </Folder>
  <Folder Name="/tests/">
    <Project Path="tests/AuthService.UnitTests/AuthService.UnitTests.csproj" />
    <Project Path="tests/ApiGateway.UnitTests/ApiGateway.UnitTests.csproj" />
    <Project Path="tests/PatientService.UnitTests/PatientService.UnitTests.csproj" />
    <Project Path="tests/E2ETests/E2ETests.csproj" />
  </Folder>
  <Project Path="ApiGateway/ApiGateway.csproj" />
</Solution>
